
Microsoft Visual Studio Solution File, Format Version 12.00
# Visual Studio 14
VisualStudioVersion = 14.0.24720.0
MinimumVisualStudioVersion = 10.0.40219.1
Project("{FAE04EC0-301F-11D3-BF4B-00C04F79EFBC}") = "ModernNotes.Api", "ModernNotes.Api\ModernNotes.Api.csproj", "{26C91288-16D4-47A3-A502-D3B22896F543}"
EndProject
Project("{FAE04EC0-301F-11D3-BF4B-00C04F79EFBC}") = "ModernNotes.Api.Tests", "ModernNotes.Api.Tests\ModernNotes.Api.Tests.csproj", "{C50953B1-E680-4A79-B9CF-A3A0BBB49FFB}"
EndProject
Project("{FAE04EC0-301F-11D3-BF4B-00C04F79EFBC}") = "ModernNotes.Core", "ModernNotes.Core\ModernNotes.Core.csproj", "{7982E3A1-4FD8-44F3-81AE-9EC54F7E647C}"
EndProject
Project("{FAE04EC0-301F-11D3-BF4B-00C04F79EFBC}") = "ModernNotesClient", "ModernNotesClient\ModernNotesClient.csproj", "{069D529F-1EAA-4611-8572-5E13009F9C57}"
EndProject
Project("{FAE04EC0-301F-11D3-BF4B-00C04F79EFBC}") = "ModernNotes.Core.Tests", "ModernNotes.Core.Tests\ModernNotes.Core.Tests.csproj", "{BAC1B221-0EFA-4B3B-B28F-7993C88ED595}"
EndProject
Global
	GlobalSection(SolutionConfigurationPlatforms) = preSolution
		Debug|Any CPU = Debug|Any CPU
		Release|Any CPU = Release|Any CPU
	EndGlobalSection
	GlobalSection(ProjectConfigurationPlatforms) = postSolution
		{26C91288-16D4-47A3-A502-D3B22896F543}.Debug|Any CPU.ActiveCfg = Debug|Any CPU
		{26C91288-16D4-47A3-A502-D3B22896F543}.Debug|Any CPU.Build.0 = Debug|Any CPU
		{26C91288-16D4-47A3-A502-D3B22896F543}.Release|Any CPU.ActiveCfg = Release|Any CPU
		{26C91288-16D4-47A3-A502-D3B22896F543}.Release|Any CPU.Build.0 = Release|Any CPU
		{C50953B1-E680-4A79-B9CF-A3A0BBB49FFB}.Debug|Any CPU.ActiveCfg = Debug|Any CPU
		{C50953B1-E680-4A79-B9CF-A3A0BBB49FFB}.Debug|Any CPU.Build.0 = Debug|Any CPU
		{C50953B1-E680-4A79-B9CF-A3A0BBB49FFB}.Release|Any CPU.ActiveCfg = Release|Any CPU
		{C50953B1-E680-4A79-B9CF-A3A0BBB49FFB}.Release|Any CPU.Build.0 = Release|Any CPU
		{7982E3A1-4FD8-44F3-81AE-9EC54F7E647C}.Debug|Any CPU.ActiveCfg = Debug|Any CPU
		{7982E3A1-4FD8-44F3-81AE-9EC54F7E647C}.Debug|Any CPU.Build.0 = Debug|Any CPU
		{7982E3A1-4FD8-44F3-81AE-9EC54F7E647C}.Release|Any CPU.ActiveCfg = Release|Any CPU
		{7982E3A1-4FD8-44F3-81AE-9EC54F7E647C}.Release|Any CPU.Build.0 = Release|Any CPU
		{069D529F-1EAA-4611-8572-5E13009F9C57}.Debug|Any CPU.ActiveCfg = Debug|Any CPU
		{069D529F-1EAA-4611-8572-5E13009F9C57}.Debug|Any CPU.Build.0 = Debug|Any CPU
		{069D529F-1EAA-4611-8572-5E13009F9C57}.Release|Any CPU.ActiveCfg = Release|Any CPU
		{069D529F-1EAA-4611-8572-5E13009F9C57}.Release|Any CPU.Build.0 = Release|Any CPU
		{BAC1B221-0EFA-4B3B-B28F-7993C88ED595}.Debug|Any CPU.ActiveCfg = Debug|Any CPU
		{BAC1B221-0EFA-4B3B-B28F-7993C88ED595}.Debug|Any CPU.Build.0 = Debug|Any CPU
		{BAC1B221-0EFA-4B3B-B28F-7993C88ED595}.Release|Any CPU.ActiveCfg = Release|Any CPU
		{BAC1B221-0EFA-4B3B-B28F-7993C88ED595}.Release|Any CPU.Build.0 = Release|Any CPU
	EndGlobalSection
	GlobalSection(SolutionProperties) = preSolution
		HideSolutionNode = FALSE
	EndGlobalSection
EndGlobal
